<Solution>
  <Project Path="Sway.Widgets/Sway.Widgets.csproj" />
  <Project Path="Sway.Platform.Desktop/Sway.Platform.Desktop.csproj" />
  <Project Path="Sway.Media/Sway.Media.csproj" />
  <Project Path="Sway.Widgets.Demo/Sway.Widgets.Demo.csproj" />
  <Project Path="Sway.Widgets.Tests/Sway.Widgets.Tests.csproj" />
</Solution>
